
Microsoft Visual Studio Solution File, Format Version 12.00
# Visual Studio Version 17
VisualStudioVersion = 17.8.34322.80
MinimumVisualStudioVersion = 10.0.40219.1
Project("{FAE04EC0-301F-11D3-BF4B-00C04F79EFBC}") = "Festivise.Events.Api", "Festivise.Events.Api\Festivise.Events.Api.csproj", "{FA86208F-9EE5-4121-81A3-2A1D2D7577C9}"
EndProject
Project("{FAE04EC0-301F-11D3-BF4B-00C04F79EFBC}") = "Festivise.Events.Api.Contracts", "Festivise.Events.Api.Contracts\Festivise.Events.Api.Contracts.csproj", "{F49686CF-A84F-4FDD-BF18-07636ADD3002}"
EndProject
Project("{FAE04EC0-301F-11D3-BF4B-00C04F79EFBC}") = "Festivise.Events.Domain", "Festivise.Events.Domain\Festivise.Events.Domain.csproj", "{D7F29D4D-347F-4F7B-8D19-61082ECB5E46}"
EndProject
Global
	GlobalSection(SolutionConfigurationPlatforms) = preSolution
		Debug|Any CPU = Debug|Any CPU
		Release|Any CPU = Release|Any CPU
	EndGlobalSection
	GlobalSection(ProjectConfigurationPlatforms) = postSolution
		{FA86208F-9EE5-4121-81A3-2A1D2D7577C9}.Debug|Any CPU.ActiveCfg = Debug|Any CPU
		{FA86208F-9EE5-4121-81A3-2A1D2D7577C9}.Debug|Any CPU.Build.0 = Debug|Any CPU
		{FA86208F-9EE5-4121-81A3-2A1D2D7577C9}.Release|Any CPU.ActiveCfg = Release|Any CPU
		{FA86208F-9EE5-4121-81A3-2A1D2D7577C9}.Release|Any CPU.Build.0 = Release|Any CPU
		{F49686CF-A84F-4FDD-BF18-07636ADD3002}.Debug|Any CPU.ActiveCfg = Debug|Any CPU
		{F49686CF-A84F-4FDD-BF18-07636ADD3002}.Debug|Any CPU.Build.0 = Debug|Any CPU
		{F49686CF-A84F-4FDD-BF18-07636ADD3002}.Release|Any CPU.ActiveCfg = Release|Any CPU
		{F49686CF-A84F-4FDD-BF18-07636ADD3002}.Release|Any CPU.Build.0 = Release|Any CPU
		{D7F29D4D-347F-4F7B-8D19-61082ECB5E46}.Debug|Any CPU.ActiveCfg = Debug|Any CPU
		{D7F29D4D-347F-4F7B-8D19-61082ECB5E46}.Debug|Any CPU.Build.0 = Debug|Any CPU
		{D7F29D4D-347F-4F7B-8D19-61082ECB5E46}.Release|Any CPU.ActiveCfg = Release|Any CPU
		{D7F29D4D-347F-4F7B-8D19-61082ECB5E46}.Release|Any CPU.Build.0 = Release|Any CPU
	EndGlobalSection
	GlobalSection(SolutionProperties) = preSolution
		HideSolutionNode = FALSE
	EndGlobalSection
	GlobalSection(ExtensibilityGlobals) = postSolution
		SolutionGuid = {7E95CE2B-80B8-4B83-8A10-2912E65F703A}
	EndGlobalSection
EndGlobal
